
Microsoft Visual Studio Solution File, Format Version 12.00
# Visual Studio 15
Project("{FAE04EC0-301F-11D3-BF4B-00C04F79EFBC}") = "basic", "basic\basic.csproj", "{4A935DCD-81AE-4E97-8F2B-0AEA48C94ED5}"
EndProject
Project("{FAE04EC0-301F-11D3-BF4B-00C04F79EFBC}") = "client", "client\client.csproj", "{1D55F9A6-F28B-48BB-BFAE-81A0E38C57AD}"
EndProject
Global
	GlobalSection(SolutionConfigurationPlatforms) = preSolution
		Debug|Any CPU = Debug|Any CPU
		Release|Any CPU = Release|Any CPU
	EndGlobalSection
	GlobalSection(ProjectConfigurationPlatforms) = postSolution
		{4A935DCD-81AE-4E97-8F2B-0AEA48C94ED5}.Debug|Any CPU.ActiveCfg = Debug|Any CPU
		{4A935DCD-81AE-4E97-8F2B-0AEA48C94ED5}.Debug|Any CPU.Build.0 = Debug|Any CPU
		{4A935DCD-81AE-4E97-8F2B-0AEA48C94ED5}.Release|Any CPU.ActiveCfg = Release|Any CPU
		{4A935DCD-81AE-4E97-8F2B-0AEA48C94ED5}.Release|Any CPU.Build.0 = Release|Any CPU
		{1D55F9A6-F28B-48BB-BFAE-81A0E38C57AD}.Debug|Any CPU.ActiveCfg = Debug|Any CPU
		{1D55F9A6-F28B-48BB-BFAE-81A0E38C57AD}.Debug|Any CPU.Build.0 = Debug|Any CPU
		{1D55F9A6-F28B-48BB-BFAE-81A0E38C57AD}.Release|Any CPU.ActiveCfg = Release|Any CPU
		{1D55F9A6-F28B-48BB-BFAE-81A0E38C57AD}.Release|Any CPU.Build.0 = Release|Any CPU
	EndGlobalSection
EndGlobal
